{
  "version": 4,
  "terraform_version": "1.4.6",
  "serial": 282,
  "lineage": "03addc63-7e00-de5f-dda6-5db1ce4d8f0d",
  "outputs": {
    "ALB_DNS_Name": {
      "value": "Development-elb-758719286.us-east-1.elb.amazonaws.com",
      "type": "string"
    }
  },
  "resources": [
    {
      "mode": "data",
      "type": "aws_subnet_ids",
      "name": "default",
      "provider": "provider[\"registry.terraform.io/hashicorp/aws\"]",
      "instances": [
        {
          "schema_version": 0,
          "attributes": {
            "filter": null,
            "id": "vpc-0d6a3966361c3cbeb",
            "ids": [
              "subnet-01af61256c1675219",
              "subnet-03d560e5bf6e29ad0",
              "subnet-0a189893f506a481b",
              "subnet-0dea063f826b31aa6",
              "subnet-0e9ac6353994f3caa",
              "subnet-0f4817a7628c136bb"
            ],
            "tags": null,
            "timeouts": null,
            "vpc_id": "vpc-0d6a3966361c3cbeb"
          },
          "sensitive_attributes": []
        }
      ]
    },
    {
      "mode": "data",
      "type": "aws_vpc",
      "name": "default",
      "provider": "provider[\"registry.terraform.io/hashicorp/aws\"]",
      "instances": [
        {
          "schema_version": 0,
          "attributes": {
            "arn": "arn:aws:ec2:us-east-1:893711537471:vpc/vpc-0d6a3966361c3cbeb",
            "cidr_block": "172.31.0.0/16",
            "cidr_block_associations": [
              {
                "association_id": "vpc-cidr-assoc-0c1b2d27523751a8a",
                "cidr_block": "172.31.0.0/16",
                "state": "associated"
              }
            ],
            "default": true,
            "dhcp_options_id": "dopt-0f9cd86698d4161d7",
            "enable_dns_hostnames": true,
            "enable_dns_support": true,
            "enable_network_address_usage_metrics": false,
            "filter": null,
            "id": "vpc-0d6a3966361c3cbeb",
            "instance_tenancy": "default",
            "ipv6_association_id": "",
            "ipv6_cidr_block": "",
            "main_route_table_id": "rtb-0b4c76e3b177429ed",
            "owner_id": "893711537471",
            "state": null,
            "tags": {},
            "timeouts": null
          },
          "sensitive_attributes": []
        }
      ]
    },
    {
      "mode": "managed",
      "type": "aws_autoscaling_group",
      "name": "Practice_ASG",
      "provider": "provider[\"registry.terraform.io/hashicorp/aws\"]",
      "instances": [
        {
          "schema_version": 0,
          "attributes": {
            "arn": "arn:aws:autoscaling:us-east-1:893711537471:autoScalingGroup:49d4a717-43aa-4c32-a07a-0e948f3d3db5:autoScalingGroupName/terraform-20230525064820226200000002",
            "availability_zones": [
              "us-east-1a",
              "us-east-1b",
              "us-east-1c",
              "us-east-1d",
              "us-east-1e",
              "us-east-1f"
            ],
            "capacity_rebalance": false,
            "context": "",
            "default_cooldown": 300,
            "default_instance_warmup": 0,
            "desired_capacity": 1,
            "desired_capacity_type": "",
            "enabled_metrics": null,
            "force_delete": false,
            "force_delete_warm_pool": false,
            "health_check_grace_period": 300,
            "health_check_type": "ELB",
            "id": "terraform-20230525064820226200000002",
            "initial_lifecycle_hook": [],
            "instance_refresh": [],
            "launch_configuration": "terraform-20230525064817196500000001",
            "launch_template": [],
            "load_balancers": null,
            "max_instance_lifetime": 0,
            "max_size": 10,
            "metrics_granularity": "1Minute",
            "min_elb_capacity": null,
            "min_size": 1,
            "mixed_instances_policy": [],
            "name": "terraform-20230525064820226200000002",
            "name_prefix": "terraform-",
            "placement_group": "",
            "predicted_capacity": 0,
            "protect_from_scale_in": false,
            "service_linked_role_arn": "arn:aws:iam::893711537471:role/aws-service-role/autoscaling.amazonaws.com/AWSServiceRoleForAutoScaling",
            "suspended_processes": null,
            "tag": [
              {
                "key": "Environment",
                "propagate_at_launch": true,
                "value": "Development"
              },
              {
                "key": "Name",
                "propagate_at_launch": true,
                "value": "Development-Application"
              },
              {
                "key": "Resource_type",
                "propagate_at_launch": true,
                "value": "Application"
              }
            ],
            "tags": null,
            "target_group_arns": [
              "arn:aws:elasticloadbalancing:us-east-1:893711537471:targetgroup/Development-asg-target/aad2d2906d62891b"
            ],
            "termination_policies": null,
            "timeouts": null,
            "vpc_zone_identifier": [
              "subnet-01af61256c1675219",
              "subnet-03d560e5bf6e29ad0",
              "subnet-0a189893f506a481b",
              "subnet-0dea063f826b31aa6",
              "subnet-0e9ac6353994f3caa",
              "subnet-0f4817a7628c136bb"
            ],
            "wait_for_capacity_timeout": "10m",
            "wait_for_elb_capacity": null,
            "warm_pool": [],
            "warm_pool_size": 0
          },
          "sensitive_attributes": [],
          "private": "eyJlMmJmYjczMC1lY2FhLTExZTYtOGY4OC0zNDM2M2JjN2M0YzAiOnsiZGVsZXRlIjo2MDAwMDAwMDAwMDAsInVwZGF0ZSI6NjAwMDAwMDAwMDAwfX0=",
          "dependencies": [
            "aws_iam_instance_profile.instance_ssm",
            "aws_iam_role.iam_role_ssm",
            "aws_launch_configuration.ec2_template",
            "aws_lb_target_group.asg",
            "aws_security_group.alb-sec-group",
            "aws_security_group.asg_sec_group",
            "data.aws_subnet_ids.default",
            "data.aws_vpc.default"
          ],
          "create_before_destroy": true
        }
      ]
    },
    {
      "mode": "managed",
      "type": "aws_iam_instance_profile",
      "name": "instance_ssm",
      "provider": "provider[\"registry.terraform.io/hashicorp/aws\"]",
      "instances": [
        {
          "schema_version": 0,
          "attributes": {
            "arn": "arn:aws:iam::893711537471:instance-profile/DevelopmentRole",
            "create_date": "2023-05-25T06:48:07Z",
            "id": "DevelopmentRole",
            "name": "DevelopmentRole",
            "name_prefix": "",
            "path": "/",
            "role": "Developmentiamrole",
            "tags": null,
            "tags_all": {},
            "unique_id": "AIPA5AFK32U7SNEXGFXKS"
          },
          "sensitive_attributes": [],
          "private": "bnVsbA==",
          "dependencies": [
            "aws_iam_role.iam_role_ssm"
          ],
          "create_before_destroy": true
        }
      ]
    },
    {
      "mode": "managed",
      "type": "aws_iam_role",
      "name": "iam_role_ssm",
      "provider": "provider[\"registry.terraform.io/hashicorp/aws\"]",
      "instances": [
        {
          "schema_version": 0,
          "attributes": {
            "arn": "arn:aws:iam::893711537471:role/Developmentiamrole",
            "assume_role_policy": "{\"Statement\":[{\"Action\":[\"sts:AssumeRole\"],\"Effect\":\"Allow\",\"Principal\":{\"Service\":[\"ec2.amazonaws.com\"]}}],\"Version\":\"2012-10-17\"}",
            "create_date": "2023-05-25T06:48:05Z",
            "description": "",
            "force_detach_policies": false,
            "id": "Developmentiamrole",
            "inline_policy": [],
            "managed_policy_arns": [],
            "max_session_duration": 3600,
            "name": "Developmentiamrole",
            "name_prefix": "",
            "path": "/",
            "permissions_boundary": null,
            "role_last_used": [
              {
                "last_used_date": "",
                "region": ""
              }
            ],
            "tags": null,
            "tags_all": {},
            "unique_id": "AROA5AFK32U7Q2MM7NNIF"
          },
          "sensitive_attributes": [],
          "private": "bnVsbA==",
          "create_before_destroy": true
        }
      ]
    },
    {
      "mode": "managed",
      "type": "aws_iam_role_policy",
      "name": "iam_policy_cloudwatch",
      "provider": "provider[\"registry.terraform.io/hashicorp/aws\"]",
      "instances": [
        {
          "schema_version": 0,
          "attributes": {
            "id": "Developmentiamrole:Developmentiampolicycw",
            "name": "Developmentiampolicycw",
            "name_prefix": null,
            "policy": "{\"Version\":\"2012-10-17\",\"Statement\":[{\"Action\":[\"cloudwatch:PutMetricData\",\"ec2:DescribeVolumes\",\"ec2:DescribeTags\",\"logs:PutLogEvents\",\"logs:DescribeLogStreams\",\"logs:DescribeLogGroups\",\"logs:CreateLogStream\",\"logs:CreateLogGroup\"],\"Effect\":\"Allow\",\"Resource\":\"*\"},{\"Action\":[\"ssm:GetParameter\"],\"Effect\":\"Allow\",\"Resource\":\"arn:aws:ssm:*:*:parameter/AmazonCloudWatch-*\"}]}",
            "role": "Developmentiamrole"
          },
          "sensitive_attributes": [],
          "private": "bnVsbA==",
          "dependencies": [
            "aws_iam_role.iam_role_ssm"
          ]
        }
      ]
    },
    {
      "mode": "managed",
      "type": "aws_iam_role_policy",
      "name": "iam_policy_ssm",
      "provider": "provider[\"registry.terraform.io/hashicorp/aws\"]",
      "instances": [
        {
          "schema_version": 0,
          "attributes": {
            "id": "Developmentiamrole:Developmentiampolicy",
            "name": "Developmentiampolicy",
            "name_prefix": null,
            "policy": "{\"Version\":\"2012-10-17\",\"Statement\":[{\"Action\":[\"ssm:DescribeAssociation\",\"ssm:GetDeployablePatchSnapshotForInstance\",\"ssm:GetDocument\",\"ssm:DescribeDocument\",\"ssm:GetManifest\",\"ssm:GetParameter\",\"ssm:GetParameters\",\"ssm:ListAssociations\",\"ssm:ListInstanceAssociations\",\"ssm:PutInventory\",\"ssm:PutComplianceItems\",\"ssm:PutConfigurePackageResult\",\"ssm:UpdateAssociationStatus\",\"ssm:UpdateInstanceAssociationStatus\",\"ssm:UpdateInstanceInformation\"],\"Effect\":\"Allow\",\"Resource\":\"*\"},{\"Action\":[\"ssmmessages:CreateControlChannel\",\"ssmmessages:CreateDataChannel\",\"ssmmessages:OpenControlChannel\",\"ssmmessages:OpenDataChannel\"],\"Effect\":\"Allow\",\"Resource\":\"*\"},{\"Action\":[\"ec2messages:AcknowledgeMessage\",\"ec2messages:DeleteMessage\",\"ec2messages:FailMessage\",\"ec2messages:GetEndpoint\",\"ec2messages:GetMessages\",\"ec2messages:SendReply\"],\"Effect\":\"Allow\",\"Resource\":\"*\"}]}",
            "role": "Developmentiamrole"
          },
          "sensitive_attributes": [],
          "private": "bnVsbA==",
          "dependencies": [
            "aws_iam_role.iam_role_ssm"
          ]
        }
      ]
    },
    {
      "mode": "managed",
      "type": "aws_launch_configuration",
      "name": "ec2_template",
      "provider": "provider[\"registry.terraform.io/hashicorp/aws\"]",
      "instances": [
        {
          "schema_version": 0,
          "attributes": {
            "arn": "arn:aws:autoscaling:us-east-1:893711537471:launchConfiguration:25b6a1b1-df1f-4c48-a4db-fd29ec541d5e:launchConfigurationName/terraform-20230525064817196500000001",
            "associate_public_ip_address": false,
            "ebs_block_device": [],
            "ebs_optimized": false,
            "enable_monitoring": true,
            "ephemeral_block_device": [],
            "iam_instance_profile": "DevelopmentRole",
            "id": "terraform-20230525064817196500000001",
            "image_id": "ami-0889a44b331db0194",
            "instance_type": "t2.micro",
            "key_name": "",
            "metadata_options": [],
            "name": "terraform-20230525064817196500000001",
            "name_prefix": "terraform-",
            "placement_tenancy": "",
            "root_block_device": [],
            "security_groups": [
              "sg-0da294e4cf71fe684"
            ],
            "spot_price": "",
            "user_data": "1ee37157d5ee53eb687a8d5e27e6fbae8b8e344f",
            "user_data_base64": null,
            "vpc_classic_link_id": "",
            "vpc_classic_link_security_groups": null
          },
          "sensitive_attributes": [],
          "private": "bnVsbA==",
          "dependencies": [
            "aws_iam_instance_profile.instance_ssm",
            "aws_iam_role.iam_role_ssm",
            "aws_security_group.alb-sec-group",
            "aws_security_group.asg_sec_group"
          ],
          "create_before_destroy": true
        }
      ]
    },
    {
      "mode": "managed",
      "type": "aws_lb",
      "name": "ELB",
      "provider": "provider[\"registry.terraform.io/hashicorp/aws\"]",
      "instances": [
        {
          "schema_version": 0,
          "attributes": {
            "access_logs": [
              {
                "bucket": "",
                "enabled": false,
                "prefix": ""
              }
            ],
            "arn": "arn:aws:elasticloadbalancing:us-east-1:893711537471:loadbalancer/app/Development-elb/5a20de20ba2c5529",
            "arn_suffix": "app/Development-elb/5a20de20ba2c5529",
            "customer_owned_ipv4_pool": "",
            "desync_mitigation_mode": "defensive",
            "dns_name": "Development-elb-758719286.us-east-1.elb.amazonaws.com",
            "drop_invalid_header_fields": false,
            "enable_cross_zone_load_balancing": true,
            "enable_deletion_protection": false,
            "enable_http2": true,
            "enable_tls_version_and_cipher_suite_headers": false,
            "enable_waf_fail_open": false,
            "enable_xff_client_port": false,
            "id": "arn:aws:elasticloadbalancing:us-east-1:893711537471:loadbalancer/app/Development-elb/5a20de20ba2c5529",
            "idle_timeout": 60,
            "internal": false,
            "ip_address_type": "ipv4",
            "load_balancer_type": "application",
            "name": "Development-elb",
            "name_prefix": null,
            "preserve_host_header": false,
            "security_groups": [
              "sg-083b9013deedb4bfe"
            ],
            "subnet_mapping": [
              {
                "allocation_id": "",
                "ipv6_address": "",
                "outpost_id": "",
                "private_ipv4_address": "",
                "subnet_id": "subnet-01af61256c1675219"
              },
              {
                "allocation_id": "",
                "ipv6_address": "",
                "outpost_id": "",
                "private_ipv4_address": "",
                "subnet_id": "subnet-03d560e5bf6e29ad0"
              },
              {
                "allocation_id": "",
                "ipv6_address": "",
                "outpost_id": "",
                "private_ipv4_address": "",
                "subnet_id": "subnet-0a189893f506a481b"
              },
              {
                "allocation_id": "",
                "ipv6_address": "",
                "outpost_id": "",
                "private_ipv4_address": "",
                "subnet_id": "subnet-0dea063f826b31aa6"
              },
              {
                "allocation_id": "",
                "ipv6_address": "",
                "outpost_id": "",
                "private_ipv4_address": "",
                "subnet_id": "subnet-0e9ac6353994f3caa"
              },
              {
                "allocation_id": "",
                "ipv6_address": "",
                "outpost_id": "",
                "private_ipv4_address": "",
                "subnet_id": "subnet-0f4817a7628c136bb"
              }
            ],
            "subnets": [
              "subnet-01af61256c1675219",
              "subnet-03d560e5bf6e29ad0",
              "subnet-0a189893f506a481b",
              "subnet-0dea063f826b31aa6",
              "subnet-0e9ac6353994f3caa",
              "subnet-0f4817a7628c136bb"
            ],
            "tags": null,
            "tags_all": {},
            "timeouts": null,
            "vpc_id": "vpc-0d6a3966361c3cbeb",
            "xff_header_processing_mode": "append",
            "zone_id": "Z35SXDOTRQ7X7K"
          },
          "sensitive_attributes": [],
          "private": "eyJlMmJmYjczMC1lY2FhLTExZTYtOGY4OC0zNDM2M2JjN2M0YzAiOnsiY3JlYXRlIjo2MDAwMDAwMDAwMDAsImRlbGV0ZSI6NjAwMDAwMDAwMDAwLCJ1cGRhdGUiOjYwMDAwMDAwMDAwMH19",
          "dependencies": [
            "aws_security_group.alb-sec-group",
            "data.aws_subnet_ids.default"
          ]
        }
      ]
    },
    {
      "mode": "managed",
      "type": "aws_lb_listener",
      "name": "http",
      "provider": "provider[\"registry.terraform.io/hashicorp/aws\"]",
      "instances": [
        {
          "schema_version": 0,
          "attributes": {
            "alpn_policy": null,
            "arn": "arn:aws:elasticloadbalancing:us-east-1:893711537471:listener/app/Development-elb/5a20de20ba2c5529/89aa7d182128b674",
            "certificate_arn": null,
            "default_action": [
              {
                "authenticate_cognito": [],
                "authenticate_oidc": [],
                "fixed_response": [
                  {
                    "content_type": "text/plain",
                    "message_body": "404: page not found",
                    "status_code": "404"
                  }
                ],
                "forward": [],
                "order": 1,
                "redirect": [],
                "target_group_arn": "",
                "type": "fixed-response"
              }
            ],
            "id": "arn:aws:elasticloadbalancing:us-east-1:893711537471:listener/app/Development-elb/5a20de20ba2c5529/89aa7d182128b674",
            "load_balancer_arn": "arn:aws:elasticloadbalancing:us-east-1:893711537471:loadbalancer/app/Development-elb/5a20de20ba2c5529",
            "port": 80,
            "protocol": "HTTP",
            "ssl_policy": "",
            "tags": null,
            "tags_all": {},
            "timeouts": null
          },
          "sensitive_attributes": [],
          "private": "eyJlMmJmYjczMC1lY2FhLTExZTYtOGY4OC0zNDM2M2JjN2M0YzAiOnsicmVhZCI6NjAwMDAwMDAwMDAwfX0=",
          "dependencies": [
            "aws_lb.ELB",
            "aws_security_group.alb-sec-group",
            "data.aws_subnet_ids.default"
          ]
        }
      ]
    },
    {
      "mode": "managed",
      "type": "aws_lb_listener_rule",
      "name": "asg",
      "provider": "provider[\"registry.terraform.io/hashicorp/aws\"]",
      "instances": [
        {
          "schema_version": 0,
          "attributes": {
            "action": [
              {
                "authenticate_cognito": [],
                "authenticate_oidc": [],
                "fixed_response": [],
                "forward": [],
                "order": 1,
                "redirect": [],
                "target_group_arn": "arn:aws:elasticloadbalancing:us-east-1:893711537471:targetgroup/Development-asg-target/aad2d2906d62891b",
                "type": "forward"
              }
            ],
            "arn": "arn:aws:elasticloadbalancing:us-east-1:893711537471:listener-rule/app/Development-elb/5a20de20ba2c5529/89aa7d182128b674/930399b2a7a5e13f",
            "condition": [
              {
                "host_header": [],
                "http_header": [],
                "http_request_method": [],
                "path_pattern": [
                  {
                    "values": [
                      "*"
                    ]
                  }
                ],
                "query_string": [],
                "source_ip": []
              }
            ],
            "id": "arn:aws:elasticloadbalancing:us-east-1:893711537471:listener-rule/app/Development-elb/5a20de20ba2c5529/89aa7d182128b674/930399b2a7a5e13f",
            "listener_arn": "arn:aws:elasticloadbalancing:us-east-1:893711537471:listener/app/Development-elb/5a20de20ba2c5529/89aa7d182128b674",
            "priority": 100,
            "tags": null,
            "tags_all": {}
          },
          "sensitive_attributes": [],
          "private": "bnVsbA==",
          "dependencies": [
            "aws_lb.ELB",
            "aws_lb_listener.http",
            "aws_lb_target_group.asg",
            "aws_security_group.alb-sec-group",
            "data.aws_subnet_ids.default",
            "data.aws_vpc.default"
          ]
        }
      ]
    },
    {
      "mode": "managed",
      "type": "aws_lb_target_group",
      "name": "asg",
      "provider": "provider[\"registry.terraform.io/hashicorp/aws\"]",
      "instances": [
        {
          "schema_version": 0,
          "attributes": {
            "arn": "arn:aws:elasticloadbalancing:us-east-1:893711537471:targetgroup/Development-asg-target/aad2d2906d62891b",
            "arn_suffix": "targetgroup/Development-asg-target/aad2d2906d62891b",
            "connection_termination": false,
            "deregistration_delay": "300",
            "health_check": [
              {
                "enabled": true,
                "healthy_threshold": 2,
                "interval": 15,
                "matcher": "200",
                "path": "/",
                "port": "traffic-port",
                "protocol": "HTTP",
                "timeout": 3,
                "unhealthy_threshold": 2
              }
            ],
            "id": "arn:aws:elasticloadbalancing:us-east-1:893711537471:targetgroup/Development-asg-target/aad2d2906d62891b",
            "ip_address_type": "ipv4",
            "lambda_multi_value_headers_enabled": false,
            "load_balancing_algorithm_type": "round_robin",
            "load_balancing_cross_zone_enabled": "use_load_balancer_configuration",
            "name": "Development-asg-target",
            "name_prefix": null,
            "port": 80,
            "preserve_client_ip": null,
            "protocol": "HTTP",
            "protocol_version": "HTTP1",
            "proxy_protocol_v2": false,
            "slow_start": 0,
            "stickiness": [
              {
                "cookie_duration": 86400,
                "cookie_name": "",
                "enabled": false,
                "type": "lb_cookie"
              }
            ],
            "tags": null,
            "tags_all": {},
            "target_failover": [
              {
                "on_deregistration": null,
                "on_unhealthy": null
              }
            ],
            "target_type": "instance",
            "vpc_id": "vpc-0d6a3966361c3cbeb"
          },
          "sensitive_attributes": [],
          "private": "bnVsbA==",
          "dependencies": [
            "data.aws_vpc.default"
          ],
          "create_before_destroy": true
        }
      ]
    },
    {
      "mode": "managed",
      "type": "aws_placement_group",
      "name": "placement_group",
      "provider": "provider[\"registry.terraform.io/hashicorp/aws\"]",
      "instances": [
        {
          "schema_version": 0,
          "attributes": {
            "arn": "arn:aws:ec2:us-east-1:893711537471:placement-group/Development-placementGroup",
            "id": "Development-placementGroup",
            "name": "Development-placementGroup",
            "partition_count": 3,
            "placement_group_id": "pg-04b643d834dceaf1f",
            "spread_level": "",
            "strategy": "partition",
            "tags": null,
            "tags_all": {}
          },
          "sensitive_attributes": [],
          "private": "bnVsbA=="
        }
      ]
    },
    {
      "mode": "managed",
      "type": "aws_resourcegroups_group",
      "name": "application_grp",
      "provider": "provider[\"registry.terraform.io/hashicorp/aws\"]",
      "instances": [
        {
          "schema_version": 0,
          "attributes": {
            "arn": "arn:aws:resource-groups:us-east-1:893711537471:group/application-Development",
            "configuration": [],
            "description": "",
            "id": "application-Development",
            "name": "application-Development",
            "resource_query": [
              {
                "query": "    {\r\n    \"ResourceTypeFilters\": [\r\n      \"AWS::EC2::Instance\"\r\n    ],\r\n    \"TagFilters\": [\r\n      {\r\n        \"Key\": \"Environment\",\r\n        \"Values\": [\"Development\"]\r\n      },\r\n      {\r\n        \"Key\": \"Resource_type\",\r\n        \"Values\": [\"Application\"]\r\n      }\r\n    ]\r\n  }\r\n",
                "type": "TAG_FILTERS_1_0"
              }
            ],
            "tags": null,
            "tags_all": {},
            "timeouts": null
          },
          "sensitive_attributes": [],
          "private": "eyJlMmJmYjczMC1lY2FhLTExZTYtOGY4OC0zNDM2M2JjN2M0YzAiOnsiY3JlYXRlIjo5MDAwMDAwMDAwMDAsInVwZGF0ZSI6OTAwMDAwMDAwMDAwfX0="
        }
      ]
    },
    {
      "mode": "managed",
      "type": "aws_resourcegroups_group",
      "name": "database_grp",
      "provider": "provider[\"registry.terraform.io/hashicorp/aws\"]",
      "instances": [
        {
          "schema_version": 0,
          "attributes": {
            "arn": "arn:aws:resource-groups:us-east-1:893711537471:group/database-Development",
            "configuration": [],
            "description": "",
            "id": "database-Development",
            "name": "database-Development",
            "resource_query": [
              {
                "query": "    {\r\n    \"ResourceTypeFilters\": [\r\n      \"AWS::EC2::Instance\"\r\n    ],\r\n    \"TagFilters\": [\r\n      {\r\n        \"Key\": \"Environment\",\r\n        \"Values\": [\"Development\"]\r\n      },\r\n      {\r\n        \"Key\": \"Resource_type\",\r\n        \"Values\": [\"Database\"]\r\n      }\r\n    ]\r\n  }\r\n",
                "type": "TAG_FILTERS_1_0"
              }
            ],
            "tags": null,
            "tags_all": {},
            "timeouts": null
          },
          "sensitive_attributes": [],
          "private": "eyJlMmJmYjczMC1lY2FhLTExZTYtOGY4OC0zNDM2M2JjN2M0YzAiOnsiY3JlYXRlIjo5MDAwMDAwMDAwMDAsInVwZGF0ZSI6OTAwMDAwMDAwMDAwfX0="
        }
      ]
    },
    {
      "mode": "managed",
      "type": "aws_security_group",
      "name": "alb-sec-group",
      "provider": "provider[\"registry.terraform.io/hashicorp/aws\"]",
      "instances": [
        {
          "schema_version": 1,
          "attributes": {
            "arn": "arn:aws:ec2:us-east-1:893711537471:security-group/sg-083b9013deedb4bfe",
            "description": "Security Group for the ELB (ALB)",
            "egress": [
              {
                "cidr_blocks": [
                  "0.0.0.0/0"
                ],
                "description": "",
                "from_port": 0,
                "ipv6_cidr_blocks": [],
                "prefix_list_ids": [],
                "protocol": "-1",
                "security_groups": [],
                "self": false,
                "to_port": 0
              }
            ],
            "id": "sg-083b9013deedb4bfe",
            "ingress": [
              {
                "cidr_blocks": [
                  "0.0.0.0/0"
                ],
                "description": "",
                "from_port": 80,
                "ipv6_cidr_blocks": [],
                "prefix_list_ids": [],
                "protocol": "tcp",
                "security_groups": [],
                "self": false,
                "to_port": 80
              }
            ],
            "name": "Development",
            "name_prefix": "",
            "owner_id": "893711537471",
            "revoke_rules_on_delete": false,
            "tags": null,
            "tags_all": {},
            "timeouts": null,
            "vpc_id": "vpc-0d6a3966361c3cbeb"
          },
          "sensitive_attributes": [],
          "private": "eyJlMmJmYjczMC1lY2FhLTExZTYtOGY4OC0zNDM2M2JjN2M0YzAiOnsiY3JlYXRlIjo2MDAwMDAwMDAwMDAsImRlbGV0ZSI6OTAwMDAwMDAwMDAwfSwic2NoZW1hX3ZlcnNpb24iOiIxIn0=",
          "create_before_destroy": true
        }
      ]
    },
    {
      "mode": "managed",
      "type": "aws_security_group",
      "name": "asg_sec_group",
      "provider": "provider[\"registry.terraform.io/hashicorp/aws\"]",
      "instances": [
        {
          "schema_version": 1,
          "attributes": {
            "arn": "arn:aws:ec2:us-east-1:893711537471:security-group/sg-0da294e4cf71fe684",
            "description": "Security Group for the ASG",
            "egress": [
              {
                "cidr_blocks": [
                  "0.0.0.0/0"
                ],
                "description": "",
                "from_port": 0,
                "ipv6_cidr_blocks": [],
                "prefix_list_ids": [],
                "protocol": "-1",
                "security_groups": [],
                "self": false,
                "to_port": 0
              }
            ],
            "id": "sg-0da294e4cf71fe684",
            "ingress": [
              {
                "cidr_blocks": [],
                "description": "",
                "from_port": 80,
                "ipv6_cidr_blocks": [],
                "prefix_list_ids": [],
                "protocol": "tcp",
                "security_groups": [
                  "sg-083b9013deedb4bfe"
                ],
                "self": false,
                "to_port": 80
              }
            ],
            "name": "Development-asg",
            "name_prefix": "",
            "owner_id": "893711537471",
            "revoke_rules_on_delete": false,
            "tags": {
              "name": "name"
            },
            "tags_all": {
              "name": "name"
            },
            "timeouts": null,
            "vpc_id": "vpc-0d6a3966361c3cbeb"
          },
          "sensitive_attributes": [],
          "private": "eyJlMmJmYjczMC1lY2FhLTExZTYtOGY4OC0zNDM2M2JjN2M0YzAiOnsiY3JlYXRlIjo2MDAwMDAwMDAwMDAsImRlbGV0ZSI6OTAwMDAwMDAwMDAwfSwic2NoZW1hX3ZlcnNpb24iOiIxIn0=",
          "dependencies": [
            "aws_security_group.alb-sec-group"
          ],
          "create_before_destroy": true
        }
      ]
    },
    {
      "mode": "managed",
      "type": "aws_ssm_association",
      "name": "application",
      "provider": "provider[\"registry.terraform.io/hashicorp/aws\"]",
      "instances": [
        {
          "schema_version": 1,
          "attributes": {
            "apply_only_at_cron_interval": false,
            "arn": "arn:aws:ssm:us-east-1:893711537471:association/93a01bab-afaf-4bb4-90f5-951cf9149719",
            "association_id": "93a01bab-afaf-4bb4-90f5-951cf9149719",
            "association_name": "",
            "automation_target_parameter_name": "",
            "compliance_severity": "",
            "document_version": "$DEFAULT",
            "id": "93a01bab-afaf-4bb4-90f5-951cf9149719",
            "instance_id": "",
            "max_concurrency": "2",
            "max_errors": "1",
            "name": "Development-application",
            "output_location": [],
            "parameters": {},
            "schedule_expression": "",
            "targets": [
              {
                "key": "resource-groups:Name",
                "values": [
                  "application-Development"
                ]
              }
            ],
            "wait_for_success_timeout_seconds": null
          },
          "sensitive_attributes": [],
          "private": "eyJzY2hlbWFfdmVyc2lvbiI6IjEifQ==",
          "dependencies": [
            "aws_resourcegroups_group.application_grp",
            "aws_ssm_document.application"
          ]
        }
      ]
    },
    {
      "mode": "managed",
      "type": "aws_ssm_document",
      "name": "application",
      "provider": "provider[\"registry.terraform.io/hashicorp/aws\"]",
      "instances": [
        {
          "schema_version": 0,
          "attributes": {
            "arn": "arn:aws:ssm:us-east-1:893711537471:document/Development-application",
            "attachments_source": [],
            "content": "---\r\nschemaVersion: \"2.2\"\r\ndescription: \"Install application requirments\"\r\nparameters:\r\n  Message:\r\n    type: \"String\"\r\n    description: \"var-name\"\r\n    default: \"Hello World from\"\r\nmainSteps:\r\n- action: aws:runShellScript\r\n  name: install_docker\r\n  inputs:\r\n    runCommand:\r\n    - 'sudo su'\r\n    - 'yum -y update'\r\n    - 'yum -y install python-pip'\r\n    - 'yum -y install git'\r\n    - 'mkdir git'\r\n    - 'cd git/'\r\n    - 'git clone https://github.com/vieer-v2solutions/study-material.git -b master'\r\n    - 'cd study-material/'\r\n    - 'pip3 install -r requirements.txt'\r\n    - 'python3 main.py'",
            "created_date": "2023-05-25T06:48:05Z",
            "default_version": "1",
            "description": "Install application requirments",
            "document_format": "YAML",
            "document_type": "Command",
            "document_version": "1",
            "hash": "4515f5e4ba619421799b4d01e77ddb5f35b205aeda37d3abc1fe4a86b59401d0",
            "hash_type": "Sha256",
            "id": "Development-application",
            "latest_version": "1",
            "name": "Development-application",
            "owner": "893711537471",
            "parameter": [
              {
                "default_value": "Hello World from",
                "description": "var-name",
                "name": "Message",
                "type": "String"
              }
            ],
            "permissions": null,
            "platform_types": [
              "Linux",
              "MacOS"
            ],
            "schema_version": "2.2",
            "status": "Active",
            "tags": null,
            "tags_all": {},
            "target_type": "/AWS::EC2::Instance",
            "version_name": ""
          },
          "sensitive_attributes": [],
          "private": "bnVsbA=="
        }
      ]
    },
    {
      "mode": "managed",
      "type": "aws_ssm_parameter",
      "name": "cw_parameter",
      "provider": "provider[\"registry.terraform.io/hashicorp/aws\"]",
      "instances": [
        {
          "schema_version": 0,
          "attributes": {
            "allowed_pattern": "",
            "arn": "arn:aws:ssm:us-east-1:893711537471:parameter/cwParameter",
            "data_type": "text",
            "description": "",
            "id": "cwParameter",
            "insecure_value": null,
            "key_id": "",
            "name": "cwParameter",
            "overwrite": null,
            "tags": null,
            "tags_all": {},
            "tier": "Standard",
            "type": "String",
            "value": "{\r\n    \"agent\": {\r\n            \"metrics_collection_interval\": 1,\r\n            \"run_as_user\": \"root\"\r\n    },\r\n    \"logs\": {\r\n            \"logs_collected\": {\r\n                    \"files\": {\r\n                            \"collect_list\": [\r\n                                    {\r\n                                            \"file_path\": \"/var/log/httpd/access_log\",\r\n                                            \"log_group_name\": \"access_log\",\r\n                                            \"log_stream_name\": \"{instance_id}\",\r\n                                            \"retention_in_days\": -1\r\n                                    },\r\n                                    {\r\n                                            \"file_path\": \"/var/log/httpd/error_log\",\r\n                                            \"log_group_name\": \"error_log\",\r\n                                            \"log_stream_name\": \"{instance_id}\",\r\n                                            \"retention_in_days\": -1\r\n                                    }\r\n                            ]\r\n                    }\r\n            }\r\n    },\r\n    \"metrics\": {\r\n            \"aggregation_dimensions\": [\r\n                    [\r\n                            \"InstanceId\"\r\n                    ]\r\n            ],\r\n            \"append_dimensions\": {\r\n                    \"AutoScalingGroupName\": \"${aws:AutoScalingGroupName}\",\r\n                    \"ImageId\": \"${aws:ImageId}\",\r\n                    \"InstanceId\": \"${aws:InstanceId}\",\r\n                    \"InstanceType\": \"${aws:InstanceType}\"\r\n            },\r\n            \"metrics_collected\": {\r\n                    \"disk\": {\r\n                            \"measurement\": [\r\n                                    \"used_percent\"\r\n                            ],\r\n                            \"metrics_collection_interval\": 1,\r\n                            \"resources\": [\r\n                                    \"*\"\r\n                            ]\r\n                    },\r\n                    \"mem\": {\r\n                            \"measurement\": [\r\n                                    \"mem_used_percent\"\r\n                            ],\r\n                            \"metrics_collection_interval\": 1\r\n                    },\r\n                    \"statsd\": {\r\n                            \"metrics_aggregation_interval\": 60,\r\n                            \"metrics_collection_interval\": 10,\r\n                            \"service_address\": \":8125\"\r\n                    }\r\n            }\r\n    }\r\n}",
            "version": 1
          },
          "sensitive_attributes": [],
          "private": "bnVsbA=="
        }
      ]
    }
  ],
  "check_results": null
}
